// !$*UTF8*$!
{
	archiveVersion = 1;
	classes = {
	};
	objectVersion = 50;
	objects = {

/* Begin PBXBuildFile section */
		CAB5DF01210A64D900064876 /* AppDelegate.swift in Sources */ = {isa = PBXBuildFile; fileRef = CAB5DF00210A64D900064876 /* AppDelegate.swift */; };
		CAB5DF03210A64D900064876 /* ViewController.swift in Sources */ = {isa = PBXBuildFile; fileRef = CAB5DF02210A64D900064876 /* ViewController.swift */; };
		CAB5DF06210A64D900064876 /* Main.storyboard in Resources */ = {isa = PBXBuildFile; fileRef = CAB5DF04210A64D900064876 /* Main.storyboard */; };
		CAB5DF08210A64DA00064876 /* Assets.xcassets in Resources */ = {isa = PBXBuildFile; fileRef = CAB5DF07210A64DA00064876 /* Assets.xcassets */; };
		CAB5DF0B210A64DA00064876 /* LaunchScreen.storyboard in Resources */ = {isa = PBXBuildFile; fileRef = CAB5DF09210A64DA00064876 /* LaunchScreen.storyboard */; };
		CAB5DF13210A6DED00064876 /* CalViewController.swift in Sources */ = {isa = PBXBuildFile; fileRef = CAB5DF12210A6DED00064876 /* CalViewController.swift */; };
/* End PBXBuildFile section */

/* Begin PBXFileReference section */
		CAB5DEFD210A64D900064876 /* ChenKunyu-HW4.app */ = {isa = PBXFileReference; explicitFileType = wrapper.application; includeInIndex = 0; path = "ChenKunyu-HW4.app"; sourceTree = BUILT_PRODUCTS_DIR; };
		CAB5DF00210A64D900064876 /* AppDelegate.swift */ = {isa = PBXFileReference; lastKnownFileType = sourcecode.swift; path = AppDelegate.swift; sourceTree = "<group>"; };
		CAB5DF02210A64D900064876 /* ViewController.swift */ = {isa = PBXFileReference; lastKnownFileType = sourcecode.swift; path = ViewController.swift; sourceTree = "<group>"; };
		CAB5DF05210A64D900064876 /* Base */ = {isa = PBXFileReference; lastKnownFileType = file.storyboard; name = Base; path = Base.lproj/Main.storyboard; sourceTree = "<group>"; };
		CAB5DF07210A64DA00064876 /* Assets.xcassets */ = {isa = PBXFileReference; lastKnownFileType = folder.assetcatalog; path = Assets.xcassets; sourceTree = "<group>"; };
		CAB5DF0A210A64DA00064876 /* Base */ = {isa = PBXFileReference; lastKnownFileType = file.storyboard; name = Base; path = Base.lproj/LaunchScreen.storyboard; sourceTree = "<group>"; };
		CAB5DF0C210A64DA00064876 /* Info.plist */ = {isa = PBXFileReference; lastKnownFileType = text.plist.xml; path = Info.plist; sourceTree = "<group>"; };
		CAB5DF12210A6DED00064876 /* CalViewController.swift */ = {isa = PBXFileReference; lastKnownFileType = sourcecode.swift; path = CalViewController.swift; sourceTree = "<group>"; };
/* End PBXFileReference section */

/* Begin PBXFrameworksBuildPhase section */
		CAB5DEFA210A64D900064876 /* Frameworks */ = {
			isa = PBXFrameworksBuildPhase;
			buildActionMask = 2147483647;
			files = (
			);
			runOnlyForDeploymentPostprocessing = 0;
		};
/* End PBXFrameworksBuildPhase section */

/* Begin PBXGroup section */
		CAB5DEF4210A64D900064876 = {
			isa = PBXGroup;
			children = (
				CAB5DEFF210A64D900064876 /* ChenKunyu-HW4 */,
				CAB5DEFE210A64D900064876 /* Products */,
			);
			sourceTree = "<group>";
		};
		CAB5DEFE210A64D900064876 /* Products */ = {
			isa = PBXGroup;
			children = (
				CAB5DEFD210A64D900064876 /* ChenKunyu-HW4.app */,
			);
			name = Products;
			sourceTree = "<group>";
		};
		CAB5DEFF210A64D900064876 /* ChenKunyu-HW4 */ = {
			isa = PBXGroup;
			children = (
				CAB5DF00210A64D900064876 /* AppDelegate.swift */,
				CAB5DF02210A64D900064876 /* ViewController.swift */,
				CAB5DF12210A6DED00064876 /* CalViewController.swift */,
				CAB5DF04210A64D900064876 /* Main.storyboard */,
				CAB5DF07210A64DA00064876 /* Assets.xcassets */,
				CAB5DF09210A64DA00064876 /* LaunchScreen.storyboard */,
				CAB5DF0C210A64DA00064876 /* Info.plist */,
			);
			path = "ChenKunyu-HW4";
			sourceTree = "<group>";
		};
/* End PBXGroup section */

/* Begin PBXNativeTarget section */
		CAB5DEFC210A64D900064876 /* ChenKunyu-HW4 */ = {
			isa = PBXNativeTarget;
			buildConfigurationList = CAB5DF0F210A64DA00064876 /* Build configuration list for PBXNativeTarget "ChenKunyu-HW4" */;
			buildPhases = (
				CAB5DEF9210A64D900064876 /* Sources */,
				CAB5DEFA210A64D900064876 /* Frameworks */,
				CAB5DEFB210A64D900064876 /* Resources */,
			);
			buildRules = (
			);
			dependencies = (
			);
			name = "ChenKunyu-HW4";
			productName = "ChenKunyu-HW4";
			productReference = CAB5DEFD210A64D900064876 /* ChenKunyu-HW4.app */;
			productType = "com.apple.product-type.application";
		};
/* End PBXNativeTarget section */

/* Begin PBXProject section */
		CAB5DEF5210A64D900064876 /* Project object */ = {
			isa = PBXProject;
			attributes = {
				LastSwiftUpdateCheck = 0940;
				LastUpgradeCheck = 0940;
				ORGANIZATIONNAME = "Chen, Kunyu";
				TargetAttributes = {
					CAB5DEFC210A64D900064876 = {
						CreatedOnToolsVersion = 9.4;
					};
				};
			};
			buildConfigurationList = CAB5DEF8210A64D900064876 /* Build configuration list for PBXProject "ChenKunyu-HW4" */;
			compatibilityVersion = "Xcode 9.3";
			developmentRegion = en;
			hasScannedForEncodings = 0;
			knownRegions = (
				en,
				Base,
			);
			mainGroup = CAB5DEF4210A64D900064876;
			productRefGroup = CAB5DEFE210A64D900064876 /* Products */;
			projectDirPath = "";
			projectRoot = "";
			targets = (
				CAB5DEFC210A64D900064876 /* ChenKunyu-HW4 */,
			);
		};
/* End PBXProject section */

/* Begin PBXResourcesBuildPhase section */
		CAB5DEFB210A64D900064876 /* Resources */ = {
			isa = PBXResourcesBuildPhase;
			buildActionMask = 2147483647;
			files = (
				CAB5DF0B210A64DA00064876 /* LaunchScreen.storyboard in Resources */,
				CAB5DF08210A64DA00064876 /* Assets.xcassets in Resources */,
				CAB5DF06210A64D900064876 /* Main.storyboard in Resources */,
			);
			runOnlyForDeploymentPostprocessing = 0;
		};
/* End PBXResourcesBuildPhase section */

/* Begin PBXSourcesBuildPhase section */
		CAB5DEF9210A64D900064876 /* Sources */ = {
			isa = PBXSourcesBuildPhase;
			buildActionMask = 2147483647;
			files = (
				CAB5DF03210A64D900064876 /* ViewController.swift in Sources */,
				CAB5DF13210A6DED00064876 /* CalViewController.swift in Sources */,
				CAB5DF01210A64D900064876 /* AppDelegate.swift in Sources */,
			);
			runOnlyForDeploymentPostprocessing = 0;
		};
/* End PBXSourcesBuildPhase section */

/* Begin PBXVariantGroup section */
		CAB5DF04210A64D900064876 /* Main.storyboard */ = {
			isa = PBXVariantGroup;
			children = (
				CAB5DF05210A64D900064876 /* Base */,
			);
			name = Main.storyboard;
			sourceTree = "<group>";
		};
		CAB5DF09210A64DA00064876 /* LaunchScreen.storyboard */ = {
			isa = PBXVariantGroup;
			children = (
				CAB5DF0A210A64DA00064876 /* Base */,
			);
			name = LaunchScreen.storyboard;
			sourceTree = "<group>";
		};
/* End PBXVariantGroup section */

/* Begin XCBuildConfiguration section */
		CAB5DF0D210A64DA00064876 /* Debug */ = {
			isa = XCBuildConfiguration;
			buildSettings = {
				ALWAYS_SEARCH_USER_PATHS = NO;
				CLANG_ANALYZER_NONNULL = YES;
				CLANG_ANALYZER_NUMBER_OBJECT_CONVERSION = YES_AGGRESSIVE;
				CLANG_CXX_LANGUAGE_STANDARD = "gnu++14";
				CLANG_CXX_LIBRARY = "libc++";
				CLANG_ENABLE_MODULES = YES;
				CLANG_ENABLE_OBJC_ARC = YES;
				CLANG_ENABLE_OBJC_WEAK = YES;
				CLANG_WARN_BLOCK_CAPTURE_AUTORELEASING = YES;
				CLANG_WARN_BOOL_CONVERSION = YES;
				CLANG_WARN_COMMA = YES;
				CLANG_WARN_CONSTANT_CONVERSION = YES;
				CLANG_WARN_DEPRECATED_OBJC_IMPLEMENTATIONS = YES;
				CLANG_WARN_DIRECT_OBJC_ISA_USAGE = YES_ERROR;
				CLANG_WARN_DOCUMENTATION_COMMENTS = YES;
				CLANG_WARN_EMPTY_BODY = YES;
				CLANG_WARN_ENUM_CONVERSION = YES;
				CLANG_WARN_INFINITE_RECURSION = YES;
				CLANG_WARN_INT_CONVERSION = YES;
				CLANG_WARN_NON_LITERAL_NULL_CONVERSION = YES;
				CLANG_WARN_OBJC_IMPLICIT_RETAIN_SELF = YES;
				CLANG_WARN_OBJC_LITERAL_CONVERSION = YES;
				CLANG_WARN_OBJC_ROOT_CLASS = YES_ERROR;
				CLANG_WARN_RANGE_LOOP_ANALYSIS = YES;
				CLANG_WARN_STRICT_PROTOTYPES = YES;
				CLANG_WARN_SUSPICIOUS_MOVE = YES;
				CLANG_WARN_UNGUARDED_AVAILABILITY = YES_AGGRESSIVE;
				CLANG_WARN_UNREACHABLE_CODE = YES;
				CLANG_WARN__DUPLICATE_METHOD_MATCH = YES;
				CODE_SIGN_IDENTITY = "iPhone Developer";
				COPY_PHASE_STRIP = NO;
				DEBUG_INFORMATION_FORMAT = dwarf;
				ENABLE_STRICT_OBJC_MSGSEND = YES;
				ENABLE_TESTABILITY = YES;
				GCC_C_LANGUAGE_STANDARD = gnu11;
				GCC_DYNAMIC_NO_PIC = NO;
				GCC_NO_COMMON_BLOCKS = YES;
				GCC_OPTIMIZATION_LEVEL = 0;
				GCC_PREPROCESSOR_DEFINITIONS = (
					"DEBUG=1",
					"$(inherited)",
				);
				GCC_WARN_64_TO_32_BIT_CONVERSION = YES;
				GCC_WARN_ABOUT_RETURN_TYPE = YES_ERROR;
				GCC_WARN_UNDECLARED_SELECTOR = YES;
				GCC_WARN_UNINITIALIZED_AUTOS = YES_AGGRESSIVE;
				GCC_WARN_UNUSED_FUNCTION = YES;
				GCC_WARN_UNUSED_VARIABLE = YES;
				IPHONEOS_DEPLOYMENT_TARGET = 11.4;
				MTL_ENABLE_DEBUG_INFO = YES;
				ONLY_ACTIVE_ARCH = YES;
				SDKROOT = iphoneos;
				SWIFT_ACTIVE_COMPILATION_CONDITIONS = DEBUG;
				SWIFT_OPTIMIZATION_LEVEL = "-Onone";
			};
			name = Debug;
		};
		CAB5DF0E210A64DA00064876 /* Release */ = {
			isa = XCBuildConfiguration;
			buildSettings = {
				ALWAYS_SEARCH_USER_PATHS = NO;
				CLANG_ANALYZER_NONNULL = YES;
				CLANG_ANALYZER_NUMBER_OBJECT_CONVERSION = YES_AGGRESSIVE;
				CLANG_CXX_LANGUAGE_STANDARD = "gnu++14";
				CLANG_CXX_LIBRARY = "libc++";
				CLANG_ENABLE_MODULES = YES;
				CLANG_ENABLE_OBJC_ARC = YES;
				CLANG_ENABLE_OBJC_WEAK = YES;
				CLANG_WARN_BLOCK_CAPTURE_AUTORELEASING = YES;
				CLANG_WARN_BOOL_CONVERSION = YES;
				CLANG_WARN_COMMA = YES;
				CLANG_WARN_CONSTANT_CONVERSION = YES;
				CLANG_WARN_DEPRECATED_OBJC_IMPLEMENTATIONS = YES;
				CLANG_WARN_DIRECT_OBJC_ISA_USAGE = YES_ERROR;
				CLANG_WARN_DOCUMENTATION_COMMENTS = YES;
				CLANG_WARN_EMPTY_BODY = YES;
				CLANG_WARN_ENUM_CONVERSION = YES;
				CLANG_WARN_INFINITE_RECURSION = YES;
				CLANG_WARN_INT_CONVERSION = YES;
				CLANG_WARN_NON_LITERAL_NULL_CONVERSION = YES;
				CLANG_WARN_OBJC_IMPLICIT_RETAIN_SELF = YES;
				CLANG_WARN_OBJC_LITERAL_CONVERSION = YES;
				CLANG_WARN_OBJC_ROOT_CLASS = YES_ERROR;
				CLANG_WARN_RANGE_LOOP_ANALYSIS = YES;
				CLANG_WARN_STRICT_PROTOTYPES = YES;
				CLANG_WARN_SUSPICIOUS_MOVE = YES;
				CLANG_WARN_UNGUARDED_AVAILABILITY = YES_AGGRESSIVE;
				CLANG_WARN_UNREACHABLE_CODE = YES;
				CLANG_WARN__DUPLICATE_METHOD_MATCH = YES;
				CODE_SIGN_IDENTITY = "iPhone Developer";
				COPY_PHASE_STRIP = NO;
				DEBUG_INFORMATION_FORMAT = "dwarf-with-dsym";
				ENABLE_NS_ASSERTIONS = NO;
				ENABLE_STRICT_OBJC_MSGSEND = YES;
				GCC_C_LANGUAGE_STANDARD = gnu11;
				GCC_NO_COMMON_BLOCKS = YES;
				GCC_WARN_64_TO_32_BIT_CONVERSION = YES;
				GCC_WARN_ABOUT_RETURN_TYPE = YES_ERROR;
				GCC_WARN_UNDECLARED_SELECTOR = YES;
				GCC_WARN_UNINITIALIZED_AUTOS = YES_AGGRESSIVE;
				GCC_WARN_UNUSED_FUNCTION = YES;
				GCC_WARN_UNUSED_VARIABLE = YES;
				IPHONEOS_DEPLOYMENT_TARGET = 11.4;
				MTL_ENABLE_DEBUG_INFO = NO;
				SDKROOT = iphoneos;
				SWIFT_COMPILATION_MODE = wholemodule;
				SWIFT_OPTIMIZATION_LEVEL = "-O";
				VALIDATE_PRODUCT = YES;
			};
			name = Release;
		};
		CAB5DF10210A64DA00064876 /* Debug */ = {
			isa = XCBuildConfiguration;
			buildSettings = {
				ASSETCATALOG_COMPILER_APPICON_NAME = AppIcon;
				CODE_SIGN_STYLE = Automatic;
				INFOPLIST_FILE = "ChenKunyu-HW4/Info.plist";
				LD_RUNPATH_SEARCH_PATHS = (
					"$(inherited)",
					"@executable_path/Frameworks",
				);
				PRODUCT_BUNDLE_IDENTIFIER = "utcs.ChenKunyu-HW4";
				PRODUCT_NAME = "$(TARGET_NAME)";
				SWIFT_VERSION = 4.0;
				TARGETED_DEVICE_FAMILY = "1,2";
			};
			name = Debug;
		};
		CAB5DF11210A64DA00064876 /* Release */ = {
			isa = XCBuildConfiguration;
			buildSettings = {
				ASSETCATALOG_COMPILER_APPICON_NAME = AppIcon;
				CODE_SIGN_STYLE = Automatic;
				INFOPLIST_FILE = "ChenKunyu-HW4/Info.plist";
				LD_RUNPATH_SEARCH_PATHS = (
					"$(inherited)",
					"@executable_path/Frameworks",
				);
				PRODUCT_BUNDLE_IDENTIFIER = "utcs.ChenKunyu-HW4";
				PRODUCT_NAME = "$(TARGET_NAME)";
				SWIFT_VERSION = 4.0;
				TARGETED_DEVICE_FAMILY = "1,2";
			};
			name = Release;
		};
/* End XCBuildConfiguration section */

/* Begin XCConfigurationList section */
		CAB5DEF8210A64D900064876 /* Build configuration list for PBXProject "ChenKunyu-HW4" */ = {
			isa = XCConfigurationList;
			buildConfigurations = (
				CAB5DF0D210A64DA00064876 /* Debug */,
				CAB5DF0E210A64DA00064876 /* Release */,
			);
			defaultConfigurationIsVisible = 0;
			defaultConfigurationName = Release;
		};
		CAB5DF0F210A64DA00064876 /* Build configuration list for PBXNativeTarget "ChenKunyu-HW4" */ = {
			isa = XCConfigurationList;
			buildConfigurations = (
				CAB5DF10210A64DA00064876 /* Debug */,
				CAB5DF11210A64DA00064876 /* Release */,
			);
			defaultConfigurationIsVisible = 0;
			defaultConfigurationName = Release;
		};
/* End XCConfigurationList section */
	};
	rootObject = CAB5DEF5210A64D900064876 /* Project object */;
}
