// !$*UTF8*$!
{
	archiveVersion = 1;
	classes = {
	};
	objectVersion = 50;
	objects = {

/* Begin PBXBuildFile section */
		CA2971C4210BB06600EEA082 /* AppDelegate.swift in Sources */ = {isa = PBXBuildFile; fileRef = CA2971C3210BB06600EEA082 /* AppDelegate.swift */; };
		CA2971C6210BB06600EEA082 /* ViewController.swift in Sources */ = {isa = PBXBuildFile; fileRef = CA2971C5210BB06600EEA082 /* ViewController.swift */; };
		CA2971C9210BB06600EEA082 /* Main.storyboard in Resources */ = {isa = PBXBuildFile; fileRef = CA2971C7210BB06600EEA082 /* Main.storyboard */; };
		CA2971CB210BB06700EEA082 /* Assets.xcassets in Resources */ = {isa = PBXBuildFile; fileRef = CA2971CA210BB06700EEA082 /* Assets.xcassets */; };
		CA2971CE210BB06700EEA082 /* LaunchScreen.storyboard in Resources */ = {isa = PBXBuildFile; fileRef = CA2971CC210BB06700EEA082 /* LaunchScreen.storyboard */; };
		CA2971D6210BB0A800EEA082 /* Note.swift in Sources */ = {isa = PBXBuildFile; fileRef = CA2971D5210BB0A800EEA082 /* Note.swift */; };
		CA2971D8210BB86000EEA082 /* PopoverViewController.swift in Sources */ = {isa = PBXBuildFile; fileRef = CA2971D7210BB86000EEA082 /* PopoverViewController.swift */; };
		CA2971DC210BD46B00EEA082 /* NoteTableViewCell.swift in Sources */ = {isa = PBXBuildFile; fileRef = CA2971DB210BD46B00EEA082 /* NoteTableViewCell.swift */; };
/* End PBXBuildFile section */

/* Begin PBXFileReference section */
		CA2971C0210BB06600EEA082 /* ChenKunyu-HW5.app */ = {isa = PBXFileReference; explicitFileType = wrapper.application; includeInIndex = 0; path = "ChenKunyu-HW5.app"; sourceTree = BUILT_PRODUCTS_DIR; };
		CA2971C3210BB06600EEA082 /* AppDelegate.swift */ = {isa = PBXFileReference; lastKnownFileType = sourcecode.swift; path = AppDelegate.swift; sourceTree = "<group>"; };
		CA2971C5210BB06600EEA082 /* ViewController.swift */ = {isa = PBXFileReference; lastKnownFileType = sourcecode.swift; path = ViewController.swift; sourceTree = "<group>"; };
		CA2971C8210BB06600EEA082 /* Base */ = {isa = PBXFileReference; lastKnownFileType = file.storyboard; name = Base; path = Base.lproj/Main.storyboard; sourceTree = "<group>"; };
		CA2971CA210BB06700EEA082 /* Assets.xcassets */ = {isa = PBXFileReference; lastKnownFileType = folder.assetcatalog; path = Assets.xcassets; sourceTree = "<group>"; };
		CA2971CD210BB06700EEA082 /* Base */ = {isa = PBXFileReference; lastKnownFileType = file.storyboard; name = Base; path = Base.lproj/LaunchScreen.storyboard; sourceTree = "<group>"; };
		CA2971CF210BB06700EEA082 /* Info.plist */ = {isa = PBXFileReference; lastKnownFileType = text.plist.xml; path = Info.plist; sourceTree = "<group>"; };
		CA2971D5210BB0A800EEA082 /* Note.swift */ = {isa = PBXFileReference; lastKnownFileType = sourcecode.swift; path = Note.swift; sourceTree = "<group>"; };
		CA2971D7210BB86000EEA082 /* PopoverViewController.swift */ = {isa = PBXFileReference; lastKnownFileType = sourcecode.swift; path = PopoverViewController.swift; sourceTree = "<group>"; };
		CA2971DB210BD46B00EEA082 /* NoteTableViewCell.swift */ = {isa = PBXFileReference; lastKnownFileType = sourcecode.swift; path = NoteTableViewCell.swift; sourceTree = "<group>"; };
/* End PBXFileReference section */

/* Begin PBXFrameworksBuildPhase section */
		CA2971BD210BB06600EEA082 /* Frameworks */ = {
			isa = PBXFrameworksBuildPhase;
			buildActionMask = 2147483647;
			files = (
			);
			runOnlyForDeploymentPostprocessing = 0;
		};
/* End PBXFrameworksBuildPhase section */

/* Begin PBXGroup section */
		CA2971B7210BB06600EEA082 = {
			isa = PBXGroup;
			children = (
				CA2971C2210BB06600EEA082 /* ChenKunyu-HW5 */,
				CA2971C1210BB06600EEA082 /* Products */,
			);
			sourceTree = "<group>";
		};
		CA2971C1210BB06600EEA082 /* Products */ = {
			isa = PBXGroup;
			children = (
				CA2971C0210BB06600EEA082 /* ChenKunyu-HW5.app */,
			);
			name = Products;
			sourceTree = "<group>";
		};
		CA2971C2210BB06600EEA082 /* ChenKunyu-HW5 */ = {
			isa = PBXGroup;
			children = (
				CA2971DB210BD46B00EEA082 /* NoteTableViewCell.swift */,
				CA2971C3210BB06600EEA082 /* AppDelegate.swift */,
				CA2971C5210BB06600EEA082 /* ViewController.swift */,
				CA2971D5210BB0A800EEA082 /* Note.swift */,
				CA2971C7210BB06600EEA082 /* Main.storyboard */,
				CA2971D7210BB86000EEA082 /* PopoverViewController.swift */,
				CA2971CA210BB06700EEA082 /* Assets.xcassets */,
				CA2971CC210BB06700EEA082 /* LaunchScreen.storyboard */,
				CA2971CF210BB06700EEA082 /* Info.plist */,
			);
			path = "ChenKunyu-HW5";
			sourceTree = "<group>";
		};
/* End PBXGroup section */

/* Begin PBXNativeTarget section */
		CA2971BF210BB06600EEA082 /* ChenKunyu-HW5 */ = {
			isa = PBXNativeTarget;
			buildConfigurationList = CA2971D2210BB06700EEA082 /* Build configuration list for PBXNativeTarget "ChenKunyu-HW5" */;
			buildPhases = (
				CA2971BC210BB06600EEA082 /* Sources */,
				CA2971BD210BB06600EEA082 /* Frameworks */,
				CA2971BE210BB06600EEA082 /* Resources */,
			);
			buildRules = (
			);
			dependencies = (
			);
			name = "ChenKunyu-HW5";
			productName = "ChenKunyu-HW5";
			productReference = CA2971C0210BB06600EEA082 /* ChenKunyu-HW5.app */;
			productType = "com.apple.product-type.application";
		};
/* End PBXNativeTarget section */

/* Begin PBXProject section */
		CA2971B8210BB06600EEA082 /* Project object */ = {
			isa = PBXProject;
			attributes = {
				LastSwiftUpdateCheck = 0940;
				LastUpgradeCheck = 0940;
				ORGANIZATIONNAME = "Chen, Kunyu";
				TargetAttributes = {
					CA2971BF210BB06600EEA082 = {
						CreatedOnToolsVersion = 9.4;
					};
				};
			};
			buildConfigurationList = CA2971BB210BB06600EEA082 /* Build configuration list for PBXProject "ChenKunyu-HW5" */;
			compatibilityVersion = "Xcode 9.3";
			developmentRegion = en;
			hasScannedForEncodings = 0;
			knownRegions = (
				en,
				Base,
			);
			mainGroup = CA2971B7210BB06600EEA082;
			productRefGroup = CA2971C1210BB06600EEA082 /* Products */;
			projectDirPath = "";
			projectRoot = "";
			targets = (
				CA2971BF210BB06600EEA082 /* ChenKunyu-HW5 */,
			);
		};
/* End PBXProject section */

/* Begin PBXResourcesBuildPhase section */
		CA2971BE210BB06600EEA082 /* Resources */ = {
			isa = PBXResourcesBuildPhase;
			buildActionMask = 2147483647;
			files = (
				CA2971CE210BB06700EEA082 /* LaunchScreen.storyboard in Resources */,
				CA2971CB210BB06700EEA082 /* Assets.xcassets in Resources */,
				CA2971C9210BB06600EEA082 /* Main.storyboard in Resources */,
			);
			runOnlyForDeploymentPostprocessing = 0;
		};
/* End PBXResourcesBuildPhase section */

/* Begin PBXSourcesBuildPhase section */
		CA2971BC210BB06600EEA082 /* Sources */ = {
			isa = PBXSourcesBuildPhase;
			buildActionMask = 2147483647;
			files = (
				CA2971D8210BB86000EEA082 /* PopoverViewController.swift in Sources */,
				CA2971C6210BB06600EEA082 /* ViewController.swift in Sources */,
				CA2971DC210BD46B00EEA082 /* NoteTableViewCell.swift in Sources */,
				CA2971C4210BB06600EEA082 /* AppDelegate.swift in Sources */,
				CA2971D6210BB0A800EEA082 /* Note.swift in Sources */,
			);
			runOnlyForDeploymentPostprocessing = 0;
		};
/* End PBXSourcesBuildPhase section */

/* Begin PBXVariantGroup section */
		CA2971C7210BB06600EEA082 /* Main.storyboard */ = {
			isa = PBXVariantGroup;
			children = (
				CA2971C8210BB06600EEA082 /* Base */,
			);
			name = Main.storyboard;
			sourceTree = "<group>";
		};
		CA2971CC210BB06700EEA082 /* LaunchScreen.storyboard */ = {
			isa = PBXVariantGroup;
			children = (
				CA2971CD210BB06700EEA082 /* Base */,
			);
			name = LaunchScreen.storyboard;
			sourceTree = "<group>";
		};
/* End PBXVariantGroup section */

/* Begin XCBuildConfiguration section */
		CA2971D0210BB06700EEA082 /* Debug */ = {
			isa = XCBuildConfiguration;
			buildSettings = {
				ALWAYS_SEARCH_USER_PATHS = NO;
				CLANG_ANALYZER_NONNULL = YES;
				CLANG_ANALYZER_NUMBER_OBJECT_CONVERSION = YES_AGGRESSIVE;
				CLANG_CXX_LANGUAGE_STANDARD = "gnu++14";
				CLANG_CXX_LIBRARY = "libc++";
				CLANG_ENABLE_MODULES = YES;
				CLANG_ENABLE_OBJC_ARC = YES;
				CLANG_ENABLE_OBJC_WEAK = YES;
				CLANG_WARN_BLOCK_CAPTURE_AUTORELEASING = YES;
				CLANG_WARN_BOOL_CONVERSION = YES;
				CLANG_WARN_COMMA = YES;
				CLANG_WARN_CONSTANT_CONVERSION = YES;
				CLANG_WARN_DEPRECATED_OBJC_IMPLEMENTATIONS = YES;
				CLANG_WARN_DIRECT_OBJC_ISA_USAGE = YES_ERROR;
				CLANG_WARN_DOCUMENTATION_COMMENTS = YES;
				CLANG_WARN_EMPTY_BODY = YES;
				CLANG_WARN_ENUM_CONVERSION = YES;
				CLANG_WARN_INFINITE_RECURSION = YES;
				CLANG_WARN_INT_CONVERSION = YES;
				CLANG_WARN_NON_LITERAL_NULL_CONVERSION = YES;
				CLANG_WARN_OBJC_IMPLICIT_RETAIN_SELF = YES;
				CLANG_WARN_OBJC_LITERAL_CONVERSION = YES;
				CLANG_WARN_OBJC_ROOT_CLASS = YES_ERROR;
				CLANG_WARN_RANGE_LOOP_ANALYSIS = YES;
				CLANG_WARN_STRICT_PROTOTYPES = YES;
				CLANG_WARN_SUSPICIOUS_MOVE = YES;
				CLANG_WARN_UNGUARDED_AVAILABILITY = YES_AGGRESSIVE;
				CLANG_WARN_UNREACHABLE_CODE = YES;
				CLANG_WARN__DUPLICATE_METHOD_MATCH = YES;
				CODE_SIGN_IDENTITY = "iPhone Developer";
				COPY_PHASE_STRIP = NO;
				DEBUG_INFORMATION_FORMAT = dwarf;
				ENABLE_STRICT_OBJC_MSGSEND = YES;
				ENABLE_TESTABILITY = YES;
				GCC_C_LANGUAGE_STANDARD = gnu11;
				GCC_DYNAMIC_NO_PIC = NO;
				GCC_NO_COMMON_BLOCKS = YES;
				GCC_OPTIMIZATION_LEVEL = 0;
				GCC_PREPROCESSOR_DEFINITIONS = (
					"DEBUG=1",
					"$(inherited)",
				);
				GCC_WARN_64_TO_32_BIT_CONVERSION = YES;
				GCC_WARN_ABOUT_RETURN_TYPE = YES_ERROR;
				GCC_WARN_UNDECLARED_SELECTOR = YES;
				GCC_WARN_UNINITIALIZED_AUTOS = YES_AGGRESSIVE;
				GCC_WARN_UNUSED_FUNCTION = YES;
				GCC_WARN_UNUSED_VARIABLE = YES;
				IPHONEOS_DEPLOYMENT_TARGET = 11.4;
				MTL_ENABLE_DEBUG_INFO = YES;
				ONLY_ACTIVE_ARCH = YES;
				SDKROOT = iphoneos;
				SWIFT_ACTIVE_COMPILATION_CONDITIONS = DEBUG;
				SWIFT_OPTIMIZATION_LEVEL = "-Onone";
			};
			name = Debug;
		};
		CA2971D1210BB06700EEA082 /* Release */ = {
			isa = XCBuildConfiguration;
			buildSettings = {
				ALWAYS_SEARCH_USER_PATHS = NO;
				CLANG_ANALYZER_NONNULL = YES;
				CLANG_ANALYZER_NUMBER_OBJECT_CONVERSION = YES_AGGRESSIVE;
				CLANG_CXX_LANGUAGE_STANDARD = "gnu++14";
				CLANG_CXX_LIBRARY = "libc++";
				CLANG_ENABLE_MODULES = YES;
				CLANG_ENABLE_OBJC_ARC = YES;
				CLANG_ENABLE_OBJC_WEAK = YES;
				CLANG_WARN_BLOCK_CAPTURE_AUTORELEASING = YES;
				CLANG_WARN_BOOL_CONVERSION = YES;
				CLANG_WARN_COMMA = YES;
				CLANG_WARN_CONSTANT_CONVERSION = YES;
				CLANG_WARN_DEPRECATED_OBJC_IMPLEMENTATIONS = YES;
				CLANG_WARN_DIRECT_OBJC_ISA_USAGE = YES_ERROR;
				CLANG_WARN_DOCUMENTATION_COMMENTS = YES;
				CLANG_WARN_EMPTY_BODY = YES;
				CLANG_WARN_ENUM_CONVERSION = YES;
				CLANG_WARN_INFINITE_RECURSION = YES;
				CLANG_WARN_INT_CONVERSION = YES;
				CLANG_WARN_NON_LITERAL_NULL_CONVERSION = YES;
				CLANG_WARN_OBJC_IMPLICIT_RETAIN_SELF = YES;
				CLANG_WARN_OBJC_LITERAL_CONVERSION = YES;
				CLANG_WARN_OBJC_ROOT_CLASS = YES_ERROR;
				CLANG_WARN_RANGE_LOOP_ANALYSIS = YES;
				CLANG_WARN_STRICT_PROTOTYPES = YES;
				CLANG_WARN_SUSPICIOUS_MOVE = YES;
				CLANG_WARN_UNGUARDED_AVAILABILITY = YES_AGGRESSIVE;
				CLANG_WARN_UNREACHABLE_CODE = YES;
				CLANG_WARN__DUPLICATE_METHOD_MATCH = YES;
				CODE_SIGN_IDENTITY = "iPhone Developer";
				COPY_PHASE_STRIP = NO;
				DEBUG_INFORMATION_FORMAT = "dwarf-with-dsym";
				ENABLE_NS_ASSERTIONS = NO;
				ENABLE_STRICT_OBJC_MSGSEND = YES;
				GCC_C_LANGUAGE_STANDARD = gnu11;
				GCC_NO_COMMON_BLOCKS = YES;
				GCC_WARN_64_TO_32_BIT_CONVERSION = YES;
				GCC_WARN_ABOUT_RETURN_TYPE = YES_ERROR;
				GCC_WARN_UNDECLARED_SELECTOR = YES;
				GCC_WARN_UNINITIALIZED_AUTOS = YES_AGGRESSIVE;
				GCC_WARN_UNUSED_FUNCTION = YES;
				GCC_WARN_UNUSED_VARIABLE = YES;
				IPHONEOS_DEPLOYMENT_TARGET = 11.4;
				MTL_ENABLE_DEBUG_INFO = NO;
				SDKROOT = iphoneos;
				SWIFT_COMPILATION_MODE = wholemodule;
				SWIFT_OPTIMIZATION_LEVEL = "-O";
				VALIDATE_PRODUCT = YES;
			};
			name = Release;
		};
		CA2971D3210BB06700EEA082 /* Debug */ = {
			isa = XCBuildConfiguration;
			buildSettings = {
				ASSETCATALOG_COMPILER_APPICON_NAME = AppIcon;
				CODE_SIGN_STYLE = Automatic;
				INFOPLIST_FILE = "ChenKunyu-HW5/Info.plist";
				LD_RUNPATH_SEARCH_PATHS = (
					"$(inherited)",
					"@executable_path/Frameworks",
				);
				PRODUCT_BUNDLE_IDENTIFIER = "utcs.ChenKunyu-HW5";
				PRODUCT_NAME = "$(TARGET_NAME)";
				SWIFT_VERSION = 4.0;
				TARGETED_DEVICE_FAMILY = "1,2";
			};
			name = Debug;
		};
		CA2971D4210BB06700EEA082 /* Release */ = {
			isa = XCBuildConfiguration;
			buildSettings = {
				ASSETCATALOG_COMPILER_APPICON_NAME = AppIcon;
				CODE_SIGN_STYLE = Automatic;
				INFOPLIST_FILE = "ChenKunyu-HW5/Info.plist";
				LD_RUNPATH_SEARCH_PATHS = (
					"$(inherited)",
					"@executable_path/Frameworks",
				);
				PRODUCT_BUNDLE_IDENTIFIER = "utcs.ChenKunyu-HW5";
				PRODUCT_NAME = "$(TARGET_NAME)";
				SWIFT_VERSION = 4.0;
				TARGETED_DEVICE_FAMILY = "1,2";
			};
			name = Release;
		};
/* End XCBuildConfiguration section */

/* Begin XCConfigurationList section */
		CA2971BB210BB06600EEA082 /* Build configuration list for PBXProject "ChenKunyu-HW5" */ = {
			isa = XCConfigurationList;
			buildConfigurations = (
				CA2971D0210BB06700EEA082 /* Debug */,
				CA2971D1210BB06700EEA082 /* Release */,
			);
			defaultConfigurationIsVisible = 0;
			defaultConfigurationName = Release;
		};
		CA2971D2210BB06700EEA082 /* Build configuration list for PBXNativeTarget "ChenKunyu-HW5" */ = {
			isa = XCConfigurationList;
			buildConfigurations = (
				CA2971D3210BB06700EEA082 /* Debug */,
				CA2971D4210BB06700EEA082 /* Release */,
			);
			defaultConfigurationIsVisible = 0;
			defaultConfigurationName = Release;
		};
/* End XCConfigurationList section */
	};
	rootObject = CA2971B8210BB06600EEA082 /* Project object */;
}
