// !$*UTF8*$!
{
	archiveVersion = 1;
	classes = {
	};
	objectVersion = 50;
	objects = {

/* Begin PBXBuildFile section */
		CAEDADD021013A7C000674EC /* main.swift in Sources */ = {isa = PBXBuildFile; fileRef = CAEDADCF21013A7C000674EC /* main.swift */; };
		CAEDADD721013AB7000674EC /* Weapon.swift in Sources */ = {isa = PBXBuildFile; fileRef = CAEDADD621013AB7000674EC /* Weapon.swift */; };
		CAEDADD921013AC8000674EC /* Armor.swift in Sources */ = {isa = PBXBuildFile; fileRef = CAEDADD821013AC8000674EC /* Armor.swift */; };
		CAEDADDB21013AD7000674EC /* RPGCharacter.swift in Sources */ = {isa = PBXBuildFile; fileRef = CAEDADDA21013AD7000674EC /* RPGCharacter.swift */; };
		CAEDADDD21013AE4000674EC /* Fighter.swift in Sources */ = {isa = PBXBuildFile; fileRef = CAEDADDC21013AE4000674EC /* Fighter.swift */; };
		CAEDADDF21013AEE000674EC /* Wizard.swift in Sources */ = {isa = PBXBuildFile; fileRef = CAEDADDE21013AEE000674EC /* Wizard.swift */; };
/* End PBXBuildFile section */

/* Begin PBXCopyFilesBuildPhase section */
		CAEDADCA21013A7C000674EC /* CopyFiles */ = {
			isa = PBXCopyFilesBuildPhase;
			buildActionMask = 2147483647;
			dstPath = /usr/share/man/man1/;
			dstSubfolderSpec = 0;
			files = (
			);
			runOnlyForDeploymentPostprocessing = 1;
		};
/* End PBXCopyFilesBuildPhase section */

/* Begin PBXFileReference section */
		CAEDADCC21013A7C000674EC /* ChenKunyu-HW1 */ = {isa = PBXFileReference; explicitFileType = "compiled.mach-o.executable"; includeInIndex = 0; path = "ChenKunyu-HW1"; sourceTree = BUILT_PRODUCTS_DIR; };
		CAEDADCF21013A7C000674EC /* main.swift */ = {isa = PBXFileReference; lastKnownFileType = sourcecode.swift; path = main.swift; sourceTree = "<group>"; };
		CAEDADD621013AB7000674EC /* Weapon.swift */ = {isa = PBXFileReference; lastKnownFileType = sourcecode.swift; path = Weapon.swift; sourceTree = "<group>"; };
		CAEDADD821013AC8000674EC /* Armor.swift */ = {isa = PBXFileReference; lastKnownFileType = sourcecode.swift; path = Armor.swift; sourceTree = "<group>"; };
		CAEDADDA21013AD7000674EC /* RPGCharacter.swift */ = {isa = PBXFileReference; lastKnownFileType = sourcecode.swift; path = RPGCharacter.swift; sourceTree = "<group>"; };
		CAEDADDC21013AE4000674EC /* Fighter.swift */ = {isa = PBXFileReference; lastKnownFileType = sourcecode.swift; path = Fighter.swift; sourceTree = "<group>"; };
		CAEDADDE21013AEE000674EC /* Wizard.swift */ = {isa = PBXFileReference; lastKnownFileType = sourcecode.swift; path = Wizard.swift; sourceTree = "<group>"; };
/* End PBXFileReference section */

/* Begin PBXFrameworksBuildPhase section */
		CAEDADC921013A7C000674EC /* Frameworks */ = {
			isa = PBXFrameworksBuildPhase;
			buildActionMask = 2147483647;
			files = (
			);
			runOnlyForDeploymentPostprocessing = 0;
		};
/* End PBXFrameworksBuildPhase section */

/* Begin PBXGroup section */
		CAEDADC321013A7C000674EC = {
			isa = PBXGroup;
			children = (
				CAEDADCE21013A7C000674EC /* ChenKunyu-HW1 */,
				CAEDADCD21013A7C000674EC /* Products */,
			);
			sourceTree = "<group>";
		};
		CAEDADCD21013A7C000674EC /* Products */ = {
			isa = PBXGroup;
			children = (
				CAEDADCC21013A7C000674EC /* ChenKunyu-HW1 */,
			);
			name = Products;
			sourceTree = "<group>";
		};
		CAEDADCE21013A7C000674EC /* ChenKunyu-HW1 */ = {
			isa = PBXGroup;
			children = (
				CAEDADCF21013A7C000674EC /* main.swift */,
				CAEDADD621013AB7000674EC /* Weapon.swift */,
				CAEDADD821013AC8000674EC /* Armor.swift */,
				CAEDADDA21013AD7000674EC /* RPGCharacter.swift */,
				CAEDADDC21013AE4000674EC /* Fighter.swift */,
				CAEDADDE21013AEE000674EC /* Wizard.swift */,
			);
			path = "ChenKunyu-HW1";
			sourceTree = "<group>";
		};
/* End PBXGroup section */

/* Begin PBXNativeTarget section */
		CAEDADCB21013A7C000674EC /* ChenKunyu-HW1 */ = {
			isa = PBXNativeTarget;
			buildConfigurationList = CAEDADD321013A7C000674EC /* Build configuration list for PBXNativeTarget "ChenKunyu-HW1" */;
			buildPhases = (
				CAEDADC821013A7C000674EC /* Sources */,
				CAEDADC921013A7C000674EC /* Frameworks */,
				CAEDADCA21013A7C000674EC /* CopyFiles */,
			);
			buildRules = (
			);
			dependencies = (
			);
			name = "ChenKunyu-HW1";
			productName = "ChenKunyu-HW1";
			productReference = CAEDADCC21013A7C000674EC /* ChenKunyu-HW1 */;
			productType = "com.apple.product-type.tool";
		};
/* End PBXNativeTarget section */

/* Begin PBXProject section */
		CAEDADC421013A7C000674EC /* Project object */ = {
			isa = PBXProject;
			attributes = {
				LastSwiftUpdateCheck = 0940;
				LastUpgradeCheck = 0940;
				ORGANIZATIONNAME = "Chen, Kunyu";
				TargetAttributes = {
					CAEDADCB21013A7C000674EC = {
						CreatedOnToolsVersion = 9.4;
					};
				};
			};
			buildConfigurationList = CAEDADC721013A7C000674EC /* Build configuration list for PBXProject "ChenKunyu-HW1" */;
			compatibilityVersion = "Xcode 9.3";
			developmentRegion = en;
			hasScannedForEncodings = 0;
			knownRegions = (
				en,
			);
			mainGroup = CAEDADC321013A7C000674EC;
			productRefGroup = CAEDADCD21013A7C000674EC /* Products */;
			projectDirPath = "";
			projectRoot = "";
			targets = (
				CAEDADCB21013A7C000674EC /* ChenKunyu-HW1 */,
			);
		};
/* End PBXProject section */

/* Begin PBXSourcesBuildPhase section */
		CAEDADC821013A7C000674EC /* Sources */ = {
			isa = PBXSourcesBuildPhase;
			buildActionMask = 2147483647;
			files = (
				CAEDADD921013AC8000674EC /* Armor.swift in Sources */,
				CAEDADDD21013AE4000674EC /* Fighter.swift in Sources */,
				CAEDADD021013A7C000674EC /* main.swift in Sources */,
				CAEDADD721013AB7000674EC /* Weapon.swift in Sources */,
				CAEDADDF21013AEE000674EC /* Wizard.swift in Sources */,
				CAEDADDB21013AD7000674EC /* RPGCharacter.swift in Sources */,
			);
			runOnlyForDeploymentPostprocessing = 0;
		};
/* End PBXSourcesBuildPhase section */

/* Begin XCBuildConfiguration section */
		CAEDADD121013A7C000674EC /* Debug */ = {
			isa = XCBuildConfiguration;
			buildSettings = {
				ALWAYS_SEARCH_USER_PATHS = NO;
				CLANG_ANALYZER_NONNULL = YES;
				CLANG_ANALYZER_NUMBER_OBJECT_CONVERSION = YES_AGGRESSIVE;
				CLANG_CXX_LANGUAGE_STANDARD = "gnu++14";
				CLANG_CXX_LIBRARY = "libc++";
				CLANG_ENABLE_MODULES = YES;
				CLANG_ENABLE_OBJC_ARC = YES;
				CLANG_ENABLE_OBJC_WEAK = YES;
				CLANG_WARN_BLOCK_CAPTURE_AUTORELEASING = YES;
				CLANG_WARN_BOOL_CONVERSION = YES;
				CLANG_WARN_COMMA = YES;
				CLANG_WARN_CONSTANT_CONVERSION = YES;
				CLANG_WARN_DEPRECATED_OBJC_IMPLEMENTATIONS = YES;
				CLANG_WARN_DIRECT_OBJC_ISA_USAGE = YES_ERROR;
				CLANG_WARN_DOCUMENTATION_COMMENTS = YES;
				CLANG_WARN_EMPTY_BODY = YES;
				CLANG_WARN_ENUM_CONVERSION = YES;
				CLANG_WARN_INFINITE_RECURSION = YES;
				CLANG_WARN_INT_CONVERSION = YES;
				CLANG_WARN_NON_LITERAL_NULL_CONVERSION = YES;
				CLANG_WARN_OBJC_IMPLICIT_RETAIN_SELF = YES;
				CLANG_WARN_OBJC_LITERAL_CONVERSION = YES;
				CLANG_WARN_OBJC_ROOT_CLASS = YES_ERROR;
				CLANG_WARN_RANGE_LOOP_ANALYSIS = YES;
				CLANG_WARN_STRICT_PROTOTYPES = YES;
				CLANG_WARN_SUSPICIOUS_MOVE = YES;
				CLANG_WARN_UNGUARDED_AVAILABILITY = YES_AGGRESSIVE;
				CLANG_WARN_UNREACHABLE_CODE = YES;
				CLANG_WARN__DUPLICATE_METHOD_MATCH = YES;
				CODE_SIGN_IDENTITY = "-";
				COPY_PHASE_STRIP = NO;
				DEBUG_INFORMATION_FORMAT = dwarf;
				ENABLE_STRICT_OBJC_MSGSEND = YES;
				ENABLE_TESTABILITY = YES;
				GCC_C_LANGUAGE_STANDARD = gnu11;
				GCC_DYNAMIC_NO_PIC = NO;
				GCC_NO_COMMON_BLOCKS = YES;
				GCC_OPTIMIZATION_LEVEL = 0;
				GCC_PREPROCESSOR_DEFINITIONS = (
					"DEBUG=1",
					"$(inherited)",
				);
				GCC_WARN_64_TO_32_BIT_CONVERSION = YES;
				GCC_WARN_ABOUT_RETURN_TYPE = YES_ERROR;
				GCC_WARN_UNDECLARED_SELECTOR = YES;
				GCC_WARN_UNINITIALIZED_AUTOS = YES_AGGRESSIVE;
				GCC_WARN_UNUSED_FUNCTION = YES;
				GCC_WARN_UNUSED_VARIABLE = YES;
				MACOSX_DEPLOYMENT_TARGET = 10.13;
				MTL_ENABLE_DEBUG_INFO = YES;
				ONLY_ACTIVE_ARCH = YES;
				SDKROOT = macosx;
				SWIFT_ACTIVE_COMPILATION_CONDITIONS = DEBUG;
				SWIFT_OPTIMIZATION_LEVEL = "-Onone";
			};
			name = Debug;
		};
		CAEDADD221013A7C000674EC /* Release */ = {
			isa = XCBuildConfiguration;
			buildSettings = {
				ALWAYS_SEARCH_USER_PATHS = NO;
				CLANG_ANALYZER_NONNULL = YES;
				CLANG_ANALYZER_NUMBER_OBJECT_CONVERSION = YES_AGGRESSIVE;
				CLANG_CXX_LANGUAGE_STANDARD = "gnu++14";
				CLANG_CXX_LIBRARY = "libc++";
				CLANG_ENABLE_MODULES = YES;
				CLANG_ENABLE_OBJC_ARC = YES;
				CLANG_ENABLE_OBJC_WEAK = YES;
				CLANG_WARN_BLOCK_CAPTURE_AUTORELEASING = YES;
				CLANG_WARN_BOOL_CONVERSION = YES;
				CLANG_WARN_COMMA = YES;
				CLANG_WARN_CONSTANT_CONVERSION = YES;
				CLANG_WARN_DEPRECATED_OBJC_IMPLEMENTATIONS = YES;
				CLANG_WARN_DIRECT_OBJC_ISA_USAGE = YES_ERROR;
				CLANG_WARN_DOCUMENTATION_COMMENTS = YES;
				CLANG_WARN_EMPTY_BODY = YES;
				CLANG_WARN_ENUM_CONVERSION = YES;
				CLANG_WARN_INFINITE_RECURSION = YES;
				CLANG_WARN_INT_CONVERSION = YES;
				CLANG_WARN_NON_LITERAL_NULL_CONVERSION = YES;
				CLANG_WARN_OBJC_IMPLICIT_RETAIN_SELF = YES;
				CLANG_WARN_OBJC_LITERAL_CONVERSION = YES;
				CLANG_WARN_OBJC_ROOT_CLASS = YES_ERROR;
				CLANG_WARN_RANGE_LOOP_ANALYSIS = YES;
				CLANG_WARN_STRICT_PROTOTYPES = YES;
				CLANG_WARN_SUSPICIOUS_MOVE = YES;
				CLANG_WARN_UNGUARDED_AVAILABILITY = YES_AGGRESSIVE;
				CLANG_WARN_UNREACHABLE_CODE = YES;
				CLANG_WARN__DUPLICATE_METHOD_MATCH = YES;
				CODE_SIGN_IDENTITY = "-";
				COPY_PHASE_STRIP = NO;
				DEBUG_INFORMATION_FORMAT = "dwarf-with-dsym";
				ENABLE_NS_ASSERTIONS = NO;
				ENABLE_STRICT_OBJC_MSGSEND = YES;
				GCC_C_LANGUAGE_STANDARD = gnu11;
				GCC_NO_COMMON_BLOCKS = YES;
				GCC_WARN_64_TO_32_BIT_CONVERSION = YES;
				GCC_WARN_ABOUT_RETURN_TYPE = YES_ERROR;
				GCC_WARN_UNDECLARED_SELECTOR = YES;
				GCC_WARN_UNINITIALIZED_AUTOS = YES_AGGRESSIVE;
				GCC_WARN_UNUSED_FUNCTION = YES;
				GCC_WARN_UNUSED_VARIABLE = YES;
				MACOSX_DEPLOYMENT_TARGET = 10.13;
				MTL_ENABLE_DEBUG_INFO = NO;
				SDKROOT = macosx;
				SWIFT_COMPILATION_MODE = wholemodule;
				SWIFT_OPTIMIZATION_LEVEL = "-O";
			};
			name = Release;
		};
		CAEDADD421013A7C000674EC /* Debug */ = {
			isa = XCBuildConfiguration;
			buildSettings = {
				CODE_SIGN_STYLE = Automatic;
				PRODUCT_NAME = "$(TARGET_NAME)";
				SWIFT_VERSION = 4.0;
			};
			name = Debug;
		};
		CAEDADD521013A7C000674EC /* Release */ = {
			isa = XCBuildConfiguration;
			buildSettings = {
				CODE_SIGN_STYLE = Automatic;
				PRODUCT_NAME = "$(TARGET_NAME)";
				SWIFT_VERSION = 4.0;
			};
			name = Release;
		};
/* End XCBuildConfiguration section */

/* Begin XCConfigurationList section */
		CAEDADC721013A7C000674EC /* Build configuration list for PBXProject "ChenKunyu-HW1" */ = {
			isa = XCConfigurationList;
			buildConfigurations = (
				CAEDADD121013A7C000674EC /* Debug */,
				CAEDADD221013A7C000674EC /* Release */,
			);
			defaultConfigurationIsVisible = 0;
			defaultConfigurationName = Release;
		};
		CAEDADD321013A7C000674EC /* Build configuration list for PBXNativeTarget "ChenKunyu-HW1" */ = {
			isa = XCConfigurationList;
			buildConfigurations = (
				CAEDADD421013A7C000674EC /* Debug */,
				CAEDADD521013A7C000674EC /* Release */,
			);
			defaultConfigurationIsVisible = 0;
			defaultConfigurationName = Release;
		};
/* End XCConfigurationList section */
	};
	rootObject = CAEDADC421013A7C000674EC /* Project object */;
}
